<?xml version="1.0" encoding="utf-8"?>
<Project ToolsVersion="4.0" xmlns="http://schemas.microsoft.com/developer/msbuild/2003">
  <ItemGroup>
    <Filter Include="源文件">
      <UniqueIdentifier>{4FC737F1-C7A5-4376-A066-2A32D752A2FF}</UniqueIdentifier>
      <Extensions>cpp;c;cc;cxx;def;odl;idl;hpj;bat;asm;asmx</Extensions>
    </Filter>
    <Filter Include="头文件">
      <UniqueIdentifier>{93995380-89BD-4b04-88EB-625FBE52EBFB}</UniqueIdentifier>
      <Extensions>h;hh;hpp;hxx;hm;inl;inc;xsd</Extensions>
    </Filter>
    <Filter Include="资源文件">
      <UniqueIdentifier>{67DA6AB6-F800-4c08-8B7A-83BB121AAD01}</UniqueIdentifier>
      <Extensions>rc;ico;cur;bmp;dlg;rc2;rct;bin;rgs;gif;jpg;jpeg;jpe;resx;tiff;tif;png;wav;mfcribbon-ms</Extensions>
    </Filter>
    <Filter Include="头文件\common">
      <UniqueIdentifier>{68bd4d65-01db-4994-8245-5b84d70bfc58}</UniqueIdentifier>
    </Filter>
    <Filter Include="源文件\common">
      <UniqueIdentifier>{5640fb36-045e-4e32-ab98-e8e3b1f8687e}</UniqueIdentifier>
    </Filter>
  </ItemGroup>
  <ItemGroup>
    <ClInclude Include="stdafx.h">
      <Filter>头文件</Filter>
    </ClInclude>
    <ClInclude Include="targetver.h">
      <Filter>头文件</Filter>
    </ClInclude>
    <ClInclude Include="common\zarray.h">
      <Filter>头文件\common</Filter>
    </ClInclude>
    <ClInclude Include="common\zhash.h">
      <Filter>头文件\common</Filter>
    </ClInclude>
    <ClInclude Include="common\doubles.h">
      <Filter>头文件\common</Filter>
    </ClInclude>
    <ClInclude Include="common\math_util.h">
      <Filter>头文件\common</Filter>
    </ClInclude>
    <ClInclude Include="common\matd.h">
      <Filter>头文件\common</Filter>
    </ClInclude>
    <ClInclude Include="common\doubles_floats_impl.h">
      <Filter>头文件\common</Filter>
    </ClInclude>
    <ClInclude Include="common\svd22.h">
      <Filter>头文件\common</Filter>
    </ClInclude>
    <ClInclude Include="common\string_util.h">
      <Filter>头文件\common</Filter>
    </ClInclude>
    <ClInclude Include="common\unionfind.h">
      <Filter>头文件\common</Filter>
    </ClInclude>
    <ClInclude Include="common\zmaxheap.h">
      <Filter>头文件\common</Filter>
    </ClInclude>
    <ClInclude Include="common\floats.h">
      <Filter>头文件\common</Filter>
    </ClInclude>
    <ClInclude Include="common\g2d.h">
      <Filter>头文件\common</Filter>
    </ClInclude>
    <ClInclude Include="common\getopt.h">
      <Filter>头文件\common</Filter>
    </ClInclude>
    <ClInclude Include="common\homography.h">
      <Filter>头文件\common</Filter>
    </ClInclude>
    <ClInclude Include="common\image_types.h">
      <Filter>头文件\common</Filter>
    </ClInclude>
    <ClInclude Include="common\image_f32.h">
      <Filter>头文件\common</Filter>
    </ClInclude>
    <ClInclude Include="common\image_u8.h">
      <Filter>头文件\common</Filter>
    </ClInclude>
    <ClInclude Include="common\pnm.h">
      <Filter>头文件\common</Filter>
    </ClInclude>
    <ClInclude Include="common\image_u8x3.h">
      <Filter>头文件\common</Filter>
    </ClInclude>
    <ClInclude Include="common\image_u8x4.h">
      <Filter>头文件\common</Filter>
    </ClInclude>
    <ClInclude Include="common\pam.h">
      <Filter>头文件\common</Filter>
    </ClInclude>
    <ClInclude Include="common\timeprofile.h">
      <Filter>头文件\common</Filter>
    </ClInclude>
    <ClInclude Include="common\time_util.h">
      <Filter>头文件\common</Filter>
    </ClInclude>
    <ClInclude Include="apriltag.h">
      <Filter>头文件</Filter>
    </ClInclude>
    <ClInclude Include="apriltag_math.h">
      <Filter>头文件</Filter>
    </ClInclude>
    <ClInclude Include="common\postscript_utils.h">
      <Filter>头文件\common</Filter>
    </ClInclude>
    <ClInclude Include="common\pjpeg.h">
      <Filter>头文件\common</Filter>
    </ClInclude>
    <ClInclude Include="tag36h11.h">
      <Filter>头文件</Filter>
    </ClInclude>
  </ItemGroup>
  <ItemGroup>
    <ClCompile Include="stdafx.cpp">
      <Filter>源文件</Filter>
    </ClCompile>
    <ClCompile Include="AR_AprilTag.cpp">
      <Filter>源文件</Filter>
    </ClCompile>
    <ClCompile Include="common\zarray.cpp">
      <Filter>源文件\common</Filter>
    </ClCompile>
    <ClCompile Include="common\zhash.cpp">
      <Filter>源文件\common</Filter>
    </ClCompile>
    <ClCompile Include="common\matd.cpp">
      <Filter>源文件\common</Filter>
    </ClCompile>
    <ClCompile Include="common\svd22.cpp">
      <Filter>源文件\common</Filter>
    </ClCompile>
    <ClCompile Include="common\string_util.cpp">
      <Filter>源文件\common</Filter>
    </ClCompile>
    <ClCompile Include="common\unionfind.cpp">
      <Filter>源文件\common</Filter>
    </ClCompile>
    <ClCompile Include="common\zmaxheap.cpp">
      <Filter>源文件\common</Filter>
    </ClCompile>
    <ClCompile Include="common\g2d.cpp">
      <Filter>源文件\common</Filter>
    </ClCompile>
    <ClCompile Include="common\getopt.cpp">
      <Filter>源文件\common</Filter>
    </ClCompile>
    <ClCompile Include="common\homography.cpp">
      <Filter>源文件\common</Filter>
    </ClCompile>
    <ClCompile Include="common\image_f32.cpp">
      <Filter>源文件\common</Filter>
    </ClCompile>
    <ClCompile Include="common\image_u8.cpp">
      <Filter>源文件\common</Filter>
    </ClCompile>
    <ClCompile Include="common\pnm.cpp">
      <Filter>源文件\common</Filter>
    </ClCompile>
    <ClCompile Include="common\image_u8x3.cpp">
      <Filter>源文件\common</Filter>
    </ClCompile>
    <ClCompile Include="common\image_u8x4.cpp">
      <Filter>源文件\common</Filter>
    </ClCompile>
    <ClCompile Include="common\pam.cpp">
      <Filter>源文件\common</Filter>
    </ClCompile>
    <ClCompile Include="common\time_util.cpp">
      <Filter>源文件\common</Filter>
    </ClCompile>
    <ClCompile Include="apriltag.cpp">
      <Filter>源文件</Filter>
    </ClCompile>
    <ClCompile Include="apriltag_quad_thresh.cpp">
      <Filter>源文件</Filter>
    </ClCompile>
    <ClCompile Include="common\pjpeg.cpp">
      <Filter>源文件\common</Filter>
    </ClCompile>
    <ClCompile Include="common\pjpeg-idct.cpp">
      <Filter>源文件\common</Filter>
    </ClCompile>
    <ClCompile Include="tag36h11.cpp">
      <Filter>源文件</Filter>
    </ClCompile>
    <ClCompile Include="opencv_demo.cpp">
      <Filter>源文件</Filter>
    </ClCompile>
  </ItemGroup>
</Project>